
Microsoft Visual Studio Solution File, Format Version 10.00
# Visual Studio 2008
Project("{FAE04EC0-301F-11D3-BF4B-00C04F79EFBC}") = "WordCount", "WordCount\WordCount.csproj", "{37DE0104-23D7-4BDE-809A-711663FC0622}"
EndProject
Global
	GlobalSection(SolutionConfigurationPlatforms) = preSolution
		Debug|Any CPU = Debug|Any CPU
		Release|Any CPU = Release|Any CPU
	EndGlobalSection
	GlobalSection(ProjectConfigurationPlatforms) = postSolution
		{37DE0104-23D7-4BDE-809A-711663FC0622}.Debug|Any CPU.ActiveCfg = Debug|Any CPU
		{37DE0104-23D7-4BDE-809A-711663FC0622}.Debug|Any CPU.Build.0 = Debug|Any CPU
		{37DE0104-23D7-4BDE-809A-711663FC0622}.Release|Any CPU.ActiveCfg = Release|Any CPU
		{37DE0104-23D7-4BDE-809A-711663FC0622}.Release|Any CPU.Build.0 = Release|Any CPU
	EndGlobalSection
	GlobalSection(SolutionProperties) = preSolution
		HideSolutionNode = FALSE
	EndGlobalSection
EndGlobal
