
Microsoft Visual Studio Solution File, Format Version 10.00
# Visual Studio 2008
Project("{FAE04EC0-301F-11D3-BF4B-00C04F79EFBC}") = "Flight_plan1", "Flight_plan1\Flight_plan1.csproj", "{BFDB5CAB-3130-4FE2-94FC-1596FF22C34B}"
EndProject
Global
	GlobalSection(SolutionConfigurationPlatforms) = preSolution
		Debug|Any CPU = Debug|Any CPU
		Release|Any CPU = Release|Any CPU
	EndGlobalSection
	GlobalSection(ProjectConfigurationPlatforms) = postSolution
		{BFDB5CAB-3130-4FE2-94FC-1596FF22C34B}.Debug|Any CPU.ActiveCfg = Debug|Any CPU
		{BFDB5CAB-3130-4FE2-94FC-1596FF22C34B}.Debug|Any CPU.Build.0 = Debug|Any CPU
		{BFDB5CAB-3130-4FE2-94FC-1596FF22C34B}.Release|Any CPU.ActiveCfg = Release|Any CPU
		{BFDB5CAB-3130-4FE2-94FC-1596FF22C34B}.Release|Any CPU.Build.0 = Release|Any CPU
	EndGlobalSection
	GlobalSection(SolutionProperties) = preSolution
		HideSolutionNode = FALSE
	EndGlobalSection
EndGlobal
